// !$*UTF8*$!
{
	archiveVersion = 1;
	classes = {
	};
	objectVersion = 46;
	objects = {

/* Begin PBXBuildFile section */
		4C9CFE8D7C7BD1ECA2E44BB1 /* Pods_TestCitrusSDK.framework in Frameworks */ = {isa = PBXBuildFile; fileRef = 98BA05263DBEAA05138B38A6 /* Pods_TestCitrusSDK.framework */; };
		A360BB711D8017C300BA9BE6 /* main.m in Sources */ = {isa = PBXBuildFile; fileRef = A360BB701D8017C300BA9BE6 /* main.m */; };
		A360BB741D8017C300BA9BE6 /* AppDelegate.m in Sources */ = {isa = PBXBuildFile; fileRef = A360BB731D8017C300BA9BE6 /* AppDelegate.m */; };
		A360BB771D8017C300BA9BE6 /* ViewController.m in Sources */ = {isa = PBXBuildFile; fileRef = A360BB761D8017C300BA9BE6 /* ViewController.m */; };
		A360BB7A1D8017C300BA9BE6 /* Main.storyboard in Resources */ = {isa = PBXBuildFile; fileRef = A360BB781D8017C300BA9BE6 /* Main.storyboard */; };
		A360BB7C1D8017C300BA9BE6 /* Assets.xcassets in Resources */ = {isa = PBXBuildFile; fileRef = A360BB7B1D8017C300BA9BE6 /* Assets.xcassets */; };
		A360BB7F1D8017C300BA9BE6 /* LaunchScreen.storyboard in Resources */ = {isa = PBXBuildFile; fileRef = A360BB7D1D8017C300BA9BE6 /* LaunchScreen.storyboard */; };
/* End PBXBuildFile section */

/* Begin PBXFileReference section */
		7C2FF644E607882336B38B95 /* Pods-TestCitrusSDK.release.xcconfig */ = {isa = PBXFileReference; includeInIndex = 1; lastKnownFileType = text.xcconfig; name = "Pods-TestCitrusSDK.release.xcconfig"; path = "Pods/Target Support Files/Pods-TestCitrusSDK/Pods-TestCitrusSDK.release.xcconfig"; sourceTree = "<group>"; };
		8785153A75D1D5EC7FCAAD4D /* Pods-TestCitrusSDK.debug.xcconfig */ = {isa = PBXFileReference; includeInIndex = 1; lastKnownFileType = text.xcconfig; name = "Pods-TestCitrusSDK.debug.xcconfig"; path = "Pods/Target Support Files/Pods-TestCitrusSDK/Pods-TestCitrusSDK.debug.xcconfig"; sourceTree = "<group>"; };
		98BA05263DBEAA05138B38A6 /* Pods_TestCitrusSDK.framework */ = {isa = PBXFileReference; explicitFileType = wrapper.framework; includeInIndex = 0; path = Pods_TestCitrusSDK.framework; sourceTree = BUILT_PRODUCTS_DIR; };
		A360BB6C1D8017C300BA9BE6 /* TestCitrusSDK.app */ = {isa = PBXFileReference; explicitFileType = wrapper.application; includeInIndex = 0; path = TestCitrusSDK.app; sourceTree = BUILT_PRODUCTS_DIR; };
		A360BB701D8017C300BA9BE6 /* main.m */ = {isa = PBXFileReference; lastKnownFileType = sourcecode.c.objc; path = main.m; sourceTree = "<group>"; };
		A360BB721D8017C300BA9BE6 /* AppDelegate.h */ = {isa = PBXFileReference; lastKnownFileType = sourcecode.c.h; path = AppDelegate.h; sourceTree = "<group>"; };
		A360BB731D8017C300BA9BE6 /* AppDelegate.m */ = {isa = PBXFileReference; lastKnownFileType = sourcecode.c.objc; path = AppDelegate.m; sourceTree = "<group>"; };
		A360BB751D8017C300BA9BE6 /* ViewController.h */ = {isa = PBXFileReference; lastKnownFileType = sourcecode.c.h; path = ViewController.h; sourceTree = "<group>"; };
		A360BB761D8017C300BA9BE6 /* ViewController.m */ = {isa = PBXFileReference; lastKnownFileType = sourcecode.c.objc; path = ViewController.m; sourceTree = "<group>"; };
		A360BB791D8017C300BA9BE6 /* Base */ = {isa = PBXFileReference; lastKnownFileType = file.storyboard; name = Base; path = Base.lproj/Main.storyboard; sourceTree = "<group>"; };
		A360BB7B1D8017C300BA9BE6 /* Assets.xcassets */ = {isa = PBXFileReference; lastKnownFileType = folder.assetcatalog; path = Assets.xcassets; sourceTree = "<group>"; };
		A360BB7E1D8017C300BA9BE6 /* Base */ = {isa = PBXFileReference; lastKnownFileType = file.storyboard; name = Base; path = Base.lproj/LaunchScreen.storyboard; sourceTree = "<group>"; };
		A360BB801D8017C300BA9BE6 /* Info.plist */ = {isa = PBXFileReference; lastKnownFileType = text.plist.xml; path = Info.plist; sourceTree = "<group>"; };
/* End PBXFileReference section */

/* Begin PBXFrameworksBuildPhase section */
		A360BB691D8017C300BA9BE6 /* Frameworks */ = {
			isa = PBXFrameworksBuildPhase;
			buildActionMask = 2147483647;
			files = (
				4C9CFE8D7C7BD1ECA2E44BB1 /* Pods_TestCitrusSDK.framework in Frameworks */,
			);
			runOnlyForDeploymentPostprocessing = 0;
		};
/* End PBXFrameworksBuildPhase section */

/* Begin PBXGroup section */
		3A53DA9C6086327ABEBDAF1C /* Pods */ = {
			isa = PBXGroup;
			children = (
				8785153A75D1D5EC7FCAAD4D /* Pods-TestCitrusSDK.debug.xcconfig */,
				7C2FF644E607882336B38B95 /* Pods-TestCitrusSDK.release.xcconfig */,
			);
			name = Pods;
			sourceTree = "<group>";
		};
		A360BB631D8017C300BA9BE6 = {
			isa = PBXGroup;
			children = (
				A360BB6E1D8017C300BA9BE6 /* TestCitrusSDK */,
				A360BB6D1D8017C300BA9BE6 /* Products */,
				3A53DA9C6086327ABEBDAF1C /* Pods */,
				A9065E21F6A7A57938C06E6F /* Frameworks */,
			);
			sourceTree = "<group>";
		};
		A360BB6D1D8017C300BA9BE6 /* Products */ = {
			isa = PBXGroup;
			children = (
				A360BB6C1D8017C300BA9BE6 /* TestCitrusSDK.app */,
			);
			name = Products;
			sourceTree = "<group>";
		};
		A360BB6E1D8017C300BA9BE6 /* TestCitrusSDK */ = {
			isa = PBXGroup;
			children = (
				A360BB721D8017C300BA9BE6 /* AppDelegate.h */,
				A360BB731D8017C300BA9BE6 /* AppDelegate.m */,
				A360BB751D8017C300BA9BE6 /* ViewController.h */,
				A360BB761D8017C300BA9BE6 /* ViewController.m */,
				A360BB781D8017C300BA9BE6 /* Main.storyboard */,
				A360BB7B1D8017C300BA9BE6 /* Assets.xcassets */,
				A360BB7D1D8017C300BA9BE6 /* LaunchScreen.storyboard */,
				A360BB801D8017C300BA9BE6 /* Info.plist */,
				A360BB6F1D8017C300BA9BE6 /* Supporting Files */,
			);
			path = TestCitrusSDK;
			sourceTree = "<group>";
		};
		A360BB6F1D8017C300BA9BE6 /* Supporting Files */ = {
			isa = PBXGroup;
			children = (
				A360BB701D8017C300BA9BE6 /* main.m */,
			);
			name = "Supporting Files";
			sourceTree = "<group>";
		};
		A9065E21F6A7A57938C06E6F /* Frameworks */ = {
			isa = PBXGroup;
			children = (
				98BA05263DBEAA05138B38A6 /* Pods_TestCitrusSDK.framework */,
			);
			name = Frameworks;
			sourceTree = "<group>";
		};
/* End PBXGroup section */

/* Begin PBXNativeTarget section */
		A360BB6B1D8017C300BA9BE6 /* TestCitrusSDK */ = {
			isa = PBXNativeTarget;
			buildConfigurationList = A360BB831D8017C300BA9BE6 /* Build configuration list for PBXNativeTarget "TestCitrusSDK" */;
			buildPhases = (
				74BC8256B20F523118E8B5C2 /* [CP] Check Pods Manifest.lock */,
				A360BB681D8017C300BA9BE6 /* Sources */,
				A360BB691D8017C300BA9BE6 /* Frameworks */,
				A360BB6A1D8017C300BA9BE6 /* Resources */,
				7D49E48658E227CB8ADB6A13 /* [CP] Embed Pods Frameworks */,
				744CEEE3372BA6932EC7508B /* [CP] Copy Pods Resources */,
			);
			buildRules = (
			);
			dependencies = (
			);
			name = TestCitrusSDK;
			productName = TestCitrusSDK;
			productReference = A360BB6C1D8017C300BA9BE6 /* TestCitrusSDK.app */;
			productType = "com.apple.product-type.application";
		};
/* End PBXNativeTarget section */

/* Begin PBXProject section */
		A360BB641D8017C300BA9BE6 /* Project object */ = {
			isa = PBXProject;
			attributes = {
				LastUpgradeCheck = 0720;
				ORGANIZATIONNAME = Pandiyaraj;
				TargetAttributes = {
					A360BB6B1D8017C300BA9BE6 = {
						CreatedOnToolsVersion = 7.2;
					};
				};
			};
			buildConfigurationList = A360BB671D8017C300BA9BE6 /* Build configuration list for PBXProject "TestCitrusSDK" */;
			compatibilityVersion = "Xcode 3.2";
			developmentRegion = English;
			hasScannedForEncodings = 0;
			knownRegions = (
				en,
				Base,
			);
			mainGroup = A360BB631D8017C300BA9BE6;
			productRefGroup = A360BB6D1D8017C300BA9BE6 /* Products */;
			projectDirPath = "";
			projectRoot = "";
			targets = (
				A360BB6B1D8017C300BA9BE6 /* TestCitrusSDK */,
			);
		};
/* End PBXProject section */

/* Begin PBXResourcesBuildPhase section */
		A360BB6A1D8017C300BA9BE6 /* Resources */ = {
			isa = PBXResourcesBuildPhase;
			buildActionMask = 2147483647;
			files = (
				A360BB7F1D8017C300BA9BE6 /* LaunchScreen.storyboard in Resources */,
				A360BB7C1D8017C300BA9BE6 /* Assets.xcassets in Resources */,
				A360BB7A1D8017C300BA9BE6 /* Main.storyboard in Resources */,
			);
			runOnlyForDeploymentPostprocessing = 0;
		};
/* End PBXResourcesBuildPhase section */

/* Begin PBXShellScriptBuildPhase section */
		744CEEE3372BA6932EC7508B /* [CP] Copy Pods Resources */ = {
			isa = PBXShellScriptBuildPhase;
			buildActionMask = 2147483647;
			files = (
			);
			inputPaths = (
			);
			name = "[CP] Copy Pods Resources";
			outputPaths = (
			);
			runOnlyForDeploymentPostprocessing = 0;
			shellPath = /bin/sh;
			shellScript = "\"${SRCROOT}/Pods/Target Support Files/Pods-TestCitrusSDK/Pods-TestCitrusSDK-resources.sh\"\n";
			showEnvVarsInLog = 0;
		};
		74BC8256B20F523118E8B5C2 /* [CP] Check Pods Manifest.lock */ = {
			isa = PBXShellScriptBuildPhase;
			buildActionMask = 2147483647;
			files = (
			);
			inputPaths = (
			);
			name = "[CP] Check Pods Manifest.lock";
			outputPaths = (
			);
			runOnlyForDeploymentPostprocessing = 0;
			shellPath = /bin/sh;
			shellScript = "diff \"${PODS_ROOT}/../Podfile.lock\" \"${PODS_ROOT}/Manifest.lock\" > /dev/null\nif [[ $? != 0 ]] ; then\n    cat << EOM\nerror: The sandbox is not in sync with the Podfile.lock. Run 'pod install' or update your CocoaPods installation.\nEOM\n    exit 1\nfi\n";
			showEnvVarsInLog = 0;
		};
		7D49E48658E227CB8ADB6A13 /* [CP] Embed Pods Frameworks */ = {
			isa = PBXShellScriptBuildPhase;
			buildActionMask = 2147483647;
			files = (
			);
			inputPaths = (
			);
			name = "[CP] Embed Pods Frameworks";
			outputPaths = (
			);
			runOnlyForDeploymentPostprocessing = 0;
			shellPath = /bin/sh;
			shellScript = "\"${SRCROOT}/Pods/Target Support Files/Pods-TestCitrusSDK/Pods-TestCitrusSDK-frameworks.sh\"\n";
			showEnvVarsInLog = 0;
		};
/* End PBXShellScriptBuildPhase section */

/* Begin PBXSourcesBuildPhase section */
		A360BB681D8017C300BA9BE6 /* Sources */ = {
			isa = PBXSourcesBuildPhase;
			buildActionMask = 2147483647;
			files = (
				A360BB771D8017C300BA9BE6 /* ViewController.m in Sources */,
				A360BB741D8017C300BA9BE6 /* AppDelegate.m in Sources */,
				A360BB711D8017C300BA9BE6 /* main.m in Sources */,
			);
			runOnlyForDeploymentPostprocessing = 0;
		};
/* End PBXSourcesBuildPhase section */

/* Begin PBXVariantGroup section */
		A360BB781D8017C300BA9BE6 /* Main.storyboard */ = {
			isa = PBXVariantGroup;
			children = (
				A360BB791D8017C300BA9BE6 /* Base */,
			);
			name = Main.storyboard;
			sourceTree = "<group>";
		};
		A360BB7D1D8017C300BA9BE6 /* LaunchScreen.storyboard */ = {
			isa = PBXVariantGroup;
			children = (
				A360BB7E1D8017C300BA9BE6 /* Base */,
			);
			name = LaunchScreen.storyboard;
			sourceTree = "<group>";
		};
/* End PBXVariantGroup section */

/* Begin XCBuildConfiguration section */
		A360BB811D8017C300BA9BE6 /* Debug */ = {
			isa = XCBuildConfiguration;
			buildSettings = {
				ALWAYS_SEARCH_USER_PATHS = NO;
				CLANG_CXX_LANGUAGE_STANDARD = "gnu++0x";
				CLANG_CXX_LIBRARY = "libc++";
				CLANG_ENABLE_MODULES = YES;
				CLANG_ENABLE_OBJC_ARC = YES;
				CLANG_WARN_BOOL_CONVERSION = YES;
				CLANG_WARN_CONSTANT_CONVERSION = YES;
				CLANG_WARN_DIRECT_OBJC_ISA_USAGE = YES_ERROR;
				CLANG_WARN_EMPTY_BODY = YES;
				CLANG_WARN_ENUM_CONVERSION = YES;
				CLANG_WARN_INT_CONVERSION = YES;
				CLANG_WARN_OBJC_ROOT_CLASS = YES_ERROR;
				CLANG_WARN_UNREACHABLE_CODE = YES;
				CLANG_WARN__DUPLICATE_METHOD_MATCH = YES;
				"CODE_SIGN_IDENTITY[sdk=iphoneos*]" = "iPhone Developer";
				COPY_PHASE_STRIP = NO;
				DEBUG_INFORMATION_FORMAT = dwarf;
				ENABLE_STRICT_OBJC_MSGSEND = YES;
				ENABLE_TESTABILITY = YES;
				GCC_C_LANGUAGE_STANDARD = gnu99;
				GCC_DYNAMIC_NO_PIC = NO;
				GCC_NO_COMMON_BLOCKS = YES;
				GCC_OPTIMIZATION_LEVEL = 0;
				GCC_PREPROCESSOR_DEFINITIONS = (
					"DEBUG=1",
					"$(inherited)",
				);
				GCC_WARN_64_TO_32_BIT_CONVERSION = YES;
				GCC_WARN_ABOUT_RETURN_TYPE = YES_ERROR;
				GCC_WARN_UNDECLARED_SELECTOR = YES;
				GCC_WARN_UNINITIALIZED_AUTOS = YES_AGGRESSIVE;
				GCC_WARN_UNUSED_FUNCTION = YES;
				GCC_WARN_UNUSED_VARIABLE = YES;
				IPHONEOS_DEPLOYMENT_TARGET = 9.2;
				MTL_ENABLE_DEBUG_INFO = YES;
				ONLY_ACTIVE_ARCH = YES;
				SDKROOT = iphoneos;
			};
			name = Debug;
		};
		A360BB821D8017C300BA9BE6 /* Release */ = {
			isa = XCBuildConfiguration;
			buildSettings = {
				ALWAYS_SEARCH_USER_PATHS = NO;
				CLANG_CXX_LANGUAGE_STANDARD = "gnu++0x";
				CLANG_CXX_LIBRARY = "libc++";
				CLANG_ENABLE_MODULES = YES;
				CLANG_ENABLE_OBJC_ARC = YES;
				CLANG_WARN_BOOL_CONVERSION = YES;
				CLANG_WARN_CONSTANT_CONVERSION = YES;
				CLANG_WARN_DIRECT_OBJC_ISA_USAGE = YES_ERROR;
				CLANG_WARN_EMPTY_BODY = YES;
				CLANG_WARN_ENUM_CONVERSION = YES;
				CLANG_WARN_INT_CONVERSION = YES;
				CLANG_WARN_OBJC_ROOT_CLASS = YES_ERROR;
				CLANG_WARN_UNREACHABLE_CODE = YES;
				CLANG_WARN__DUPLICATE_METHOD_MATCH = YES;
				"CODE_SIGN_IDENTITY[sdk=iphoneos*]" = "iPhone Developer";
				COPY_PHASE_STRIP = NO;
				DEBUG_INFORMATION_FORMAT = "dwarf-with-dsym";
				ENABLE_NS_ASSERTIONS = NO;
				ENABLE_STRICT_OBJC_MSGSEND = YES;
				GCC_C_LANGUAGE_STANDARD = gnu99;
				GCC_NO_COMMON_BLOCKS = YES;
				GCC_WARN_64_TO_32_BIT_CONVERSION = YES;
				GCC_WARN_ABOUT_RETURN_TYPE = YES_ERROR;
				GCC_WARN_UNDECLARED_SELECTOR = YES;
				GCC_WARN_UNINITIALIZED_AUTOS = YES_AGGRESSIVE;
				GCC_WARN_UNUSED_FUNCTION = YES;
				GCC_WARN_UNUSED_VARIABLE = YES;
				IPHONEOS_DEPLOYMENT_TARGET = 9.2;
				MTL_ENABLE_DEBUG_INFO = NO;
				SDKROOT = iphoneos;
				VALIDATE_PRODUCT = YES;
			};
			name = Release;
		};
		A360BB841D8017C300BA9BE6 /* Debug */ = {
			isa = XCBuildConfiguration;
			baseConfigurationReference = 8785153A75D1D5EC7FCAAD4D /* Pods-TestCitrusSDK.debug.xcconfig */;
			buildSettings = {
				ASSETCATALOG_COMPILER_APPICON_NAME = AppIcon;
				INFOPLIST_FILE = TestCitrusSDK/Info.plist;
				LD_RUNPATH_SEARCH_PATHS = "$(inherited) @executable_path/Frameworks";
				PRODUCT_BUNDLE_IDENTIFIER = com.ideas2it.TestCitrusSDK;
				PRODUCT_NAME = "$(TARGET_NAME)";
			};
			name = Debug;
		};
		A360BB851D8017C300BA9BE6 /* Release */ = {
			isa = XCBuildConfiguration;
			baseConfigurationReference = 7C2FF644E607882336B38B95 /* Pods-TestCitrusSDK.release.xcconfig */;
			buildSettings = {
				ASSETCATALOG_COMPILER_APPICON_NAME = AppIcon;
				INFOPLIST_FILE = TestCitrusSDK/Info.plist;
				LD_RUNPATH_SEARCH_PATHS = "$(inherited) @executable_path/Frameworks";
				PRODUCT_BUNDLE_IDENTIFIER = com.ideas2it.TestCitrusSDK;
				PRODUCT_NAME = "$(TARGET_NAME)";
			};
			name = Release;
		};
/* End XCBuildConfiguration section */

/* Begin XCConfigurationList section */
		A360BB671D8017C300BA9BE6 /* Build configuration list for PBXProject "TestCitrusSDK" */ = {
			isa = XCConfigurationList;
			buildConfigurations = (
				A360BB811D8017C300BA9BE6 /* Debug */,
				A360BB821D8017C300BA9BE6 /* Release */,
			);
			defaultConfigurationIsVisible = 0;
			defaultConfigurationName = Release;
		};
		A360BB831D8017C300BA9BE6 /* Build configuration list for PBXNativeTarget "TestCitrusSDK" */ = {
			isa = XCConfigurationList;
			buildConfigurations = (
				A360BB841D8017C300BA9BE6 /* Debug */,
				A360BB851D8017C300BA9BE6 /* Release */,
			);
			defaultConfigurationIsVisible = 0;
			defaultConfigurationName = Release;
		};
/* End XCConfigurationList section */
	};
	rootObject = A360BB641D8017C300BA9BE6 /* Project object */;
}
